
Microsoft Visual Studio Solution File, Format Version 12.00
# Visual Studio 15
VisualStudioVersion = 15.0.27428.2015
MinimumVisualStudioVersion = 10.0.40219.1
Project("{8BC9CEB8-8B4A-11D0-8D11-00A0C91BC942}") = "prog5", "prog5\prog5.vcxproj", "{76C7F907-A0A8-4D9F-950E-2E22E033BDEF}"
EndProject
Global
	GlobalSection(SolutionConfigurationPlatforms) = preSolution
		Debug|x64 = Debug|x64
		Debug|x86 = Debug|x86
		Release|x64 = Release|x64
		Release|x86 = Release|x86
	EndGlobalSection
	GlobalSection(ProjectConfigurationPlatforms) = postSolution
		{76C7F907-A0A8-4D9F-950E-2E22E033BDEF}.Debug|x64.ActiveCfg = Debug|x64
		{76C7F907-A0A8-4D9F-950E-2E22E033BDEF}.Debug|x64.Build.0 = Debug|x64
		{76C7F907-A0A8-4D9F-950E-2E22E033BDEF}.Debug|x86.ActiveCfg = Debug|Win32
		{76C7F907-A0A8-4D9F-950E-2E22E033BDEF}.Debug|x86.Build.0 = Debug|Win32
		{76C7F907-A0A8-4D9F-950E-2E22E033BDEF}.Release|x64.ActiveCfg = Release|x64
		{76C7F907-A0A8-4D9F-950E-2E22E033BDEF}.Release|x64.Build.0 = Release|x64
		{76C7F907-A0A8-4D9F-950E-2E22E033BDEF}.Release|x86.ActiveCfg = Release|Win32
		{76C7F907-A0A8-4D9F-950E-2E22E033BDEF}.Release|x86.Build.0 = Release|Win32
	EndGlobalSection
	GlobalSection(SolutionProperties) = preSolution
		HideSolutionNode = FALSE
	EndGlobalSection
	GlobalSection(ExtensibilityGlobals) = postSolution
		SolutionGuid = {321C875C-6E1A-4DF0-870B-F76A3ADDE044}
	EndGlobalSection
EndGlobal
